
Microsoft Visual Studio Solution File, Format Version 12.00
# Visual Studio Version 17
VisualStudioVersion = 17.1.32210.238
MinimumVisualStudioVersion = 10.0.40219.1
Project("{FAE04EC0-301F-11D3-BF4B-00C04F79EFBC}") = "day3", "day3.csproj", "{88A39B58-0F6D-45B1-AB35-0530972FFF80}"
EndProject
Global
	GlobalSection(SolutionConfigurationPlatforms) = preSolution
		Debug|Any CPU = Debug|Any CPU
		Release|Any CPU = Release|Any CPU
	EndGlobalSection
	GlobalSection(ProjectConfigurationPlatforms) = postSolution
		{88A39B58-0F6D-45B1-AB35-0530972FFF80}.Debug|Any CPU.ActiveCfg = Debug|Any CPU
		{88A39B58-0F6D-45B1-AB35-0530972FFF80}.Debug|Any CPU.Build.0 = Debug|Any CPU
		{88A39B58-0F6D-45B1-AB35-0530972FFF80}.Release|Any CPU.ActiveCfg = Release|Any CPU
		{88A39B58-0F6D-45B1-AB35-0530972FFF80}.Release|Any CPU.Build.0 = Release|Any CPU
	EndGlobalSection
	GlobalSection(SolutionProperties) = preSolution
		HideSolutionNode = FALSE
	EndGlobalSection
	GlobalSection(ExtensibilityGlobals) = postSolution
		SolutionGuid = {1DC0052B-93CC-4300-A6A7-F94E7080D002}
	EndGlobalSection
EndGlobal
